hash: 2c9b88b93f65c8f51e9e477b9958fefa908f942d162abc7938a608e9b587f4e8
updated: 2017-10-03T20:09:34.949065165+07:00
imports:
- name: github.com/kelseyhightower/envconfig
  version: f611eb38b3875cc3bd991ca91c51d06446afa14c
- name: github.com/line/line-bot-sdk-go
  version: a20a8ef13587611afb3b8d70c9a6d916aa30d882
  subpackages:
  - linebot
- name: github.com/patrickmn/go-cache
  version: 1881a9bccb818787f68c52bfba648c6cf34c34fa
- name: golang.org/x/net
  version: f2499483f923065a842d38eb4c7f1927e6fc6e6d
  subpackages:
  - context
  - context/ctxhttp
testImports: []
