hash: b9786f820571fabcb0f677f1da226c9e01014045c46a30e74855b06c9abfe0b0
updated: 2017-10-03T20:12:49.84204922+07:00
imports:
- name: github.com/kelseyhightower/envconfig
  version: f611eb38b3875cc3bd991ca91c51d06446afa14c
- name: github.com/line/line-bot-sdk-go
  version: d0ee4ad2b49fa50ae881f7c92b430cedeeb7b98e
  subpackages:
  - linebot
- name: github.com/patrickmn/go-cache
  version: 1881a9bccb818787f68c52bfba648c6cf34c34fa
- name: golang.org/x/net
  version: f2499483f923065a842d38eb4c7f1927e6fc6e6d
  subpackages:
  - context
  - context/ctxhttp
testImports: []
